
Microsoft Visual Studio Solution File, Format Version 12.00
# Visual Studio Version 16
VisualStudioVersion = 16.0.30128.74
MinimumVisualStudioVersion = 10.0.40219.1
Project("{FAE04EC0-301F-11D3-BF4B-00C04F79EFBC}") = "DeligateTest", "DeligateTest\DeligateTest.csproj", "{2831AA00-1D5B-4FB9-9CFA-9BC0082F8A09}"
EndProject
Global
	GlobalSection(SolutionConfigurationPlatforms) = preSolution
		Debug|Any CPU = Debug|Any CPU
		Release|Any CPU = Release|Any CPU
	EndGlobalSection
	GlobalSection(ProjectConfigurationPlatforms) = postSolution
		{2831AA00-1D5B-4FB9-9CFA-9BC0082F8A09}.Debug|Any CPU.ActiveCfg = Debug|Any CPU
		{2831AA00-1D5B-4FB9-9CFA-9BC0082F8A09}.Debug|Any CPU.Build.0 = Debug|Any CPU
		{2831AA00-1D5B-4FB9-9CFA-9BC0082F8A09}.Release|Any CPU.ActiveCfg = Release|Any CPU
		{2831AA00-1D5B-4FB9-9CFA-9BC0082F8A09}.Release|Any CPU.Build.0 = Release|Any CPU
	EndGlobalSection
	GlobalSection(SolutionProperties) = preSolution
		HideSolutionNode = FALSE
	EndGlobalSection
	GlobalSection(ExtensibilityGlobals) = postSolution
		SolutionGuid = {27D68CE0-BC60-4614-AD72-60D9105B10DF}
	EndGlobalSection
EndGlobal
